
Microsoft Visual Studio Solution File, Format Version 12.00
Project("{FAE04EC0-301F-11D3-BF4B-00C04F79EFBC}") = "ConsoleUI", "ConsoleUI\ConsoleUI.csproj", "{A7C31CB8-D05D-4C3F-BC8D-F1C61097AE03}"
EndProject
Project("{FAE04EC0-301F-11D3-BF4B-00C04F79EFBC}") = "ConsoleEngine", "ConsoleEngine\ConsoleEngine\ConsoleEngine.csproj", "{FE392335-2AAA-4474-8DAB-5A1F4BD44CD7}"
EndProject
Global
	GlobalSection(SolutionConfigurationPlatforms) = preSolution
		Debug|Any CPU = Debug|Any CPU
		Release|Any CPU = Release|Any CPU
	EndGlobalSection
	GlobalSection(ProjectConfigurationPlatforms) = postSolution
		{A7C31CB8-D05D-4C3F-BC8D-F1C61097AE03}.Debug|Any CPU.ActiveCfg = Debug|Any CPU
		{A7C31CB8-D05D-4C3F-BC8D-F1C61097AE03}.Debug|Any CPU.Build.0 = Debug|Any CPU
		{A7C31CB8-D05D-4C3F-BC8D-F1C61097AE03}.Release|Any CPU.ActiveCfg = Release|Any CPU
		{A7C31CB8-D05D-4C3F-BC8D-F1C61097AE03}.Release|Any CPU.Build.0 = Release|Any CPU
		{FE392335-2AAA-4474-8DAB-5A1F4BD44CD7}.Debug|Any CPU.ActiveCfg = Debug|Any CPU
		{FE392335-2AAA-4474-8DAB-5A1F4BD44CD7}.Debug|Any CPU.Build.0 = Debug|Any CPU
		{FE392335-2AAA-4474-8DAB-5A1F4BD44CD7}.Release|Any CPU.ActiveCfg = Release|Any CPU
		{FE392335-2AAA-4474-8DAB-5A1F4BD44CD7}.Release|Any CPU.Build.0 = Release|Any CPU
	EndGlobalSection
EndGlobal
